
Microsoft Visual Studio Solution File, Format Version 12.00
# Visual Studio Version 17
VisualStudioVersion = 17.14.36414.22 d17.14
MinimumVisualStudioVersion = 10.0.40219.1
Project("{FAE04EC0-301F-11D3-BF4B-00C04F79EFBC}") = "exer8", "exer8\exer8.csproj", "{285570E3-D1E6-488E-A588-509213CE5408}"
EndProject
Global
	GlobalSection(SolutionConfigurationPlatforms) = preSolution
		Debug|Any CPU = Debug|Any CPU
		Release|Any CPU = Release|Any CPU
	EndGlobalSection
	GlobalSection(ProjectConfigurationPlatforms) = postSolution
		{285570E3-D1E6-488E-A588-509213CE5408}.Debug|Any CPU.ActiveCfg = Debug|Any CPU
		{285570E3-D1E6-488E-A588-509213CE5408}.Debug|Any CPU.Build.0 = Debug|Any CPU
		{285570E3-D1E6-488E-A588-509213CE5408}.Release|Any CPU.ActiveCfg = Release|Any CPU
		{285570E3-D1E6-488E-A588-509213CE5408}.Release|Any CPU.Build.0 = Release|Any CPU
	EndGlobalSection
	GlobalSection(SolutionProperties) = preSolution
		HideSolutionNode = FALSE
	EndGlobalSection
	GlobalSection(ExtensibilityGlobals) = postSolution
		SolutionGuid = {3E86963F-6D41-4F2D-A8EA-C40C2CF4919A}
	EndGlobalSection
EndGlobal
