
Microsoft Visual Studio Solution File, Format Version 12.00
# Visual Studio Version 17
VisualStudioVersion = 17.14.36414.22 d17.14
MinimumVisualStudioVersion = 10.0.40219.1
Project("{FAE04EC0-301F-11D3-BF4B-00C04F79EFBC}") = "exer10", "exer10\exer10.csproj", "{20325CD5-E02D-4884-B974-2ACA3075B1A6}"
EndProject
Global
	GlobalSection(SolutionConfigurationPlatforms) = preSolution
		Debug|Any CPU = Debug|Any CPU
		Release|Any CPU = Release|Any CPU
	EndGlobalSection
	GlobalSection(ProjectConfigurationPlatforms) = postSolution
		{20325CD5-E02D-4884-B974-2ACA3075B1A6}.Debug|Any CPU.ActiveCfg = Debug|Any CPU
		{20325CD5-E02D-4884-B974-2ACA3075B1A6}.Debug|Any CPU.Build.0 = Debug|Any CPU
		{20325CD5-E02D-4884-B974-2ACA3075B1A6}.Release|Any CPU.ActiveCfg = Release|Any CPU
		{20325CD5-E02D-4884-B974-2ACA3075B1A6}.Release|Any CPU.Build.0 = Release|Any CPU
	EndGlobalSection
	GlobalSection(SolutionProperties) = preSolution
		HideSolutionNode = FALSE
	EndGlobalSection
	GlobalSection(ExtensibilityGlobals) = postSolution
		SolutionGuid = {4ECC37D6-7ABE-4FF1-96F6-6438347AF74D}
	EndGlobalSection
EndGlobal
