
Microsoft Visual Studio Solution File, Format Version 12.00
# Visual Studio Version 17
VisualStudioVersion = 17.12.35527.113 d17.12
MinimumVisualStudioVersion = 10.0.40219.1
Project("{FAE04EC0-301F-11D3-BF4B-00C04F79EFBC}") = "exer02", "exer02\exer02.csproj", "{61EC42DA-F8BB-4D89-91DC-95AAFA312628}"
EndProject
Global
	GlobalSection(SolutionConfigurationPlatforms) = preSolution
		Debug|Any CPU = Debug|Any CPU
		Release|Any CPU = Release|Any CPU
	EndGlobalSection
	GlobalSection(ProjectConfigurationPlatforms) = postSolution
		{61EC42DA-F8BB-4D89-91DC-95AAFA312628}.Debug|Any CPU.ActiveCfg = Debug|Any CPU
		{61EC42DA-F8BB-4D89-91DC-95AAFA312628}.Debug|Any CPU.Build.0 = Debug|Any CPU
		{61EC42DA-F8BB-4D89-91DC-95AAFA312628}.Release|Any CPU.ActiveCfg = Release|Any CPU
		{61EC42DA-F8BB-4D89-91DC-95AAFA312628}.Release|Any CPU.Build.0 = Release|Any CPU
	EndGlobalSection
	GlobalSection(SolutionProperties) = preSolution
		HideSolutionNode = FALSE
	EndGlobalSection
EndGlobal
